
Microsoft Visual Studio Solution File, Format Version 12.00
# Visual Studio Version 16
VisualStudioVersion = 16.0.32002.261
MinimumVisualStudioVersion = 10.0.40219.1
Project("{9A19103F-16F7-4668-BE54-9A1E7A4F7556}") = "MSALDotNetAPI", "MSALDotNetAPI\MSALDotNetAPI.csproj", "{E8B98455-3191-444C-9FB1-4DDE723788DA}"
EndProject
Global
	GlobalSection(SolutionConfigurationPlatforms) = preSolution
		Debug|Any CPU = Debug|Any CPU
		Release|Any CPU = Release|Any CPU
	EndGlobalSection
	GlobalSection(ProjectConfigurationPlatforms) = postSolution
		{E8B98455-3191-444C-9FB1-4DDE723788DA}.Debug|Any CPU.ActiveCfg = Release|Any CPU
		{E8B98455-3191-444C-9FB1-4DDE723788DA}.Debug|Any CPU.Build.0 = Release|Any CPU
		{E8B98455-3191-444C-9FB1-4DDE723788DA}.Release|Any CPU.ActiveCfg = Release|Any CPU
		{E8B98455-3191-444C-9FB1-4DDE723788DA}.Release|Any CPU.Build.0 = Release|Any CPU
	EndGlobalSection
	GlobalSection(SolutionProperties) = preSolution
		HideSolutionNode = FALSE
	EndGlobalSection
	GlobalSection(ExtensibilityGlobals) = postSolution
		SolutionGuid = {F5567A20-B909-4C8E-BB52-467B25518094}
	EndGlobalSection
EndGlobal
